
Microsoft Visual Studio Solution File, Format Version 12.00
# Visual Studio Version 17
VisualStudioVersion = 17.4.33205.214
MinimumVisualStudioVersion = 10.0.40219.1
Project("{FAE04EC0-301F-11D3-BF4B-00C04F79EFBC}") = "BankingSoftwareSystem", "BankingSoftwareSystem\BankingSoftwareSystem.csproj", "{40F168F0-1BB2-4A46-8D7F-11DDBC5C6B21}"
EndProject
Global
	GlobalSection(SolutionConfigurationPlatforms) = preSolution
		Debug|Any CPU = Debug|Any CPU
		Release|Any CPU = Release|Any CPU
	EndGlobalSection
	GlobalSection(ProjectConfigurationPlatforms) = postSolution
		{40F168F0-1BB2-4A46-8D7F-11DDBC5C6B21}.Debug|Any CPU.ActiveCfg = Debug|Any CPU
		{40F168F0-1BB2-4A46-8D7F-11DDBC5C6B21}.Debug|Any CPU.Build.0 = Debug|Any CPU
		{40F168F0-1BB2-4A46-8D7F-11DDBC5C6B21}.Release|Any CPU.ActiveCfg = Release|Any CPU
		{40F168F0-1BB2-4A46-8D7F-11DDBC5C6B21}.Release|Any CPU.Build.0 = Release|Any CPU
	EndGlobalSection
	GlobalSection(SolutionProperties) = preSolution
		HideSolutionNode = FALSE
	EndGlobalSection
	GlobalSection(ExtensibilityGlobals) = postSolution
		SolutionGuid = {0DC6867B-8844-41FE-9AF2-247F07FD1799}
	EndGlobalSection
EndGlobal
